
Microsoft Visual Studio Solution File, Format Version 12.00
# Visual Studio 15
VisualStudioVersion = 15.0.28307.779
MinimumVisualStudioVersion = 10.0.40219.1
Project("{9A19103F-16F7-4668-BE54-9A1E7A4F7556}") = "MazeOperations", "MazeOperations\MazeOperations.csproj", "{9EBD350F-083E-4D16-9CFF-35491722CCFE}"
EndProject
Project("{9A19103F-16F7-4668-BE54-9A1E7A4F7556}") = "MazeOperations.Tests", "MazeOperations.Tests\MazeOperations.Tests.csproj", "{D8BD129A-C121-4BF2-9172-6DFF7F5D621A}"
EndProject
Project("{FAE04EC0-301F-11D3-BF4B-00C04F79EFBC}") = "MazeAmazing_ConsoleApp", "MazeAmazing_ConsoleApp\MazeAmazing_ConsoleApp.csproj", "{C611F08C-11D9-4D81-99CB-32116C1908D1}"
EndProject
Project("{FAE04EC0-301F-11D3-BF4B-00C04F79EFBC}") = "MazeAmazing_WPF", "MazeAmazing_WPF\MazeAmazing_WPF.csproj", "{0B3E21BC-3848-49C9-90F9-3F0CE5DFE303}"
EndProject
Global
	GlobalSection(SolutionConfigurationPlatforms) = preSolution
		Debug|Any CPU = Debug|Any CPU
		Release|Any CPU = Release|Any CPU
	EndGlobalSection
	GlobalSection(ProjectConfigurationPlatforms) = postSolution
		{9EBD350F-083E-4D16-9CFF-35491722CCFE}.Debug|Any CPU.ActiveCfg = Debug|Any CPU
		{9EBD350F-083E-4D16-9CFF-35491722CCFE}.Debug|Any CPU.Build.0 = Debug|Any CPU
		{9EBD350F-083E-4D16-9CFF-35491722CCFE}.Release|Any CPU.ActiveCfg = Release|Any CPU
		{9EBD350F-083E-4D16-9CFF-35491722CCFE}.Release|Any CPU.Build.0 = Release|Any CPU
		{D8BD129A-C121-4BF2-9172-6DFF7F5D621A}.Debug|Any CPU.ActiveCfg = Debug|Any CPU
		{D8BD129A-C121-4BF2-9172-6DFF7F5D621A}.Debug|Any CPU.Build.0 = Debug|Any CPU
		{D8BD129A-C121-4BF2-9172-6DFF7F5D621A}.Release|Any CPU.ActiveCfg = Release|Any CPU
		{D8BD129A-C121-4BF2-9172-6DFF7F5D621A}.Release|Any CPU.Build.0 = Release|Any CPU
		{C611F08C-11D9-4D81-99CB-32116C1908D1}.Debug|Any CPU.ActiveCfg = Debug|Any CPU
		{C611F08C-11D9-4D81-99CB-32116C1908D1}.Debug|Any CPU.Build.0 = Debug|Any CPU
		{C611F08C-11D9-4D81-99CB-32116C1908D1}.Release|Any CPU.ActiveCfg = Release|Any CPU
		{C611F08C-11D9-4D81-99CB-32116C1908D1}.Release|Any CPU.Build.0 = Release|Any CPU
		{0B3E21BC-3848-49C9-90F9-3F0CE5DFE303}.Debug|Any CPU.ActiveCfg = Debug|Any CPU
		{0B3E21BC-3848-49C9-90F9-3F0CE5DFE303}.Debug|Any CPU.Build.0 = Debug|Any CPU
		{0B3E21BC-3848-49C9-90F9-3F0CE5DFE303}.Release|Any CPU.ActiveCfg = Release|Any CPU
		{0B3E21BC-3848-49C9-90F9-3F0CE5DFE303}.Release|Any CPU.Build.0 = Release|Any CPU
	EndGlobalSection
	GlobalSection(SolutionProperties) = preSolution
		HideSolutionNode = FALSE
	EndGlobalSection
	GlobalSection(ExtensibilityGlobals) = postSolution
		SolutionGuid = {1A256EDF-6FA9-4E0B-9868-493D175BCAA6}
	EndGlobalSection
EndGlobal
